
Microsoft Visual Studio Solution File, Format Version 12.00
# Visual Studio Version 17
VisualStudioVersion = 17.9.34728.123
MinimumVisualStudioVersion = 10.0.40219.1
Project("{FAE04EC0-301F-11D3-BF4B-00C04F79EFBC}") = "MyApi", "MyApi\MyApi.csproj", "{DF7A167F-8816-464F-869E-6358B99C4D94}"
EndProject
Global
	GlobalSection(SolutionConfigurationPlatforms) = preSolution
		Debug|Any CPU = Debug|Any CPU
		Release|Any CPU = Release|Any CPU
	EndGlobalSection
	GlobalSection(ProjectConfigurationPlatforms) = postSolution
		{DF7A167F-8816-464F-869E-6358B99C4D94}.Debug|Any CPU.ActiveCfg = Debug|Any CPU
		{DF7A167F-8816-464F-869E-6358B99C4D94}.Debug|Any CPU.Build.0 = Debug|Any CPU
		{DF7A167F-8816-464F-869E-6358B99C4D94}.Release|Any CPU.ActiveCfg = Release|Any CPU
		{DF7A167F-8816-464F-869E-6358B99C4D94}.Release|Any CPU.Build.0 = Release|Any CPU
	EndGlobalSection
	GlobalSection(SolutionProperties) = preSolution
		HideSolutionNode = FALSE
	EndGlobalSection
	GlobalSection(ExtensibilityGlobals) = postSolution
		SolutionGuid = {57B4ADFA-67FB-47B2-9382-A71A666D1A13}
	EndGlobalSection
EndGlobal
